
Microsoft Visual Studio Solution File, Format Version 12.00
# Visual Studio Version 17
VisualStudioVersion = 17.4.33213.308
MinimumVisualStudioVersion = 10.0.40219.1
Project("{9A19103F-16F7-4668-BE54-9A1E7A4F7556}") = "Class1th", "Class1th\Class1th.csproj", "{C83F788A-9A01-48CB-9FD9-923A798F1009}"
EndProject
Project("{FAE04EC0-301F-11D3-BF4B-00C04F79EFBC}") = "Class2th", "Class2th\Class2th.csproj", "{B3CD9192-10A0-4D2E-833D-EF2686679483}"
EndProject
Global
	GlobalSection(SolutionConfigurationPlatforms) = preSolution
		Debug|Any CPU = Debug|Any CPU
		Release|Any CPU = Release|Any CPU
	EndGlobalSection
	GlobalSection(ProjectConfigurationPlatforms) = postSolution
		{C83F788A-9A01-48CB-9FD9-923A798F1009}.Debug|Any CPU.ActiveCfg = Debug|Any CPU
		{C83F788A-9A01-48CB-9FD9-923A798F1009}.Debug|Any CPU.Build.0 = Debug|Any CPU
		{C83F788A-9A01-48CB-9FD9-923A798F1009}.Release|Any CPU.ActiveCfg = Release|Any CPU
		{C83F788A-9A01-48CB-9FD9-923A798F1009}.Release|Any CPU.Build.0 = Release|Any CPU
		{B3CD9192-10A0-4D2E-833D-EF2686679483}.Debug|Any CPU.ActiveCfg = Debug|Any CPU
		{B3CD9192-10A0-4D2E-833D-EF2686679483}.Debug|Any CPU.Build.0 = Debug|Any CPU
		{B3CD9192-10A0-4D2E-833D-EF2686679483}.Release|Any CPU.ActiveCfg = Release|Any CPU
		{B3CD9192-10A0-4D2E-833D-EF2686679483}.Release|Any CPU.Build.0 = Release|Any CPU
	EndGlobalSection
	GlobalSection(SolutionProperties) = preSolution
		HideSolutionNode = FALSE
	EndGlobalSection
	GlobalSection(ExtensibilityGlobals) = postSolution
		SolutionGuid = {6ED608DA-46A4-46E2-BFAC-03DEC0D33D67}
	EndGlobalSection
EndGlobal
