
Microsoft Visual Studio Solution File, Format Version 12.00
# Visual Studio Version 17
VisualStudioVersion = 17.9.34728.123
MinimumVisualStudioVersion = 10.0.40219.1
Project("{9A19103F-16F7-4668-BE54-9A1E7A4F7556}") = "Program", "Program.csproj", "{82D2A80B-E0C4-4120-9A43-88C188E161F4}"
EndProject
Project("{FAE04EC0-301F-11D3-BF4B-00C04F79EFBC}") = "Class1th (Variable)", "..\Class1th (Variable)\Class1th (Variable).csproj", "{88B56491-6B0E-4C1B-9B4C-7113E387C604}"
EndProject
Project("{FAE04EC0-301F-11D3-BF4B-00C04F79EFBC}") = "Class2th (Bit)", "..\Class2th (Bit)\Class2th (Bit).csproj", "{2392E3C7-DBC8-42E7-A6C1-58B3E0A046EE}"
EndProject
Global
	GlobalSection(SolutionConfigurationPlatforms) = preSolution
		Debug|Any CPU = Debug|Any CPU
		Release|Any CPU = Release|Any CPU
	EndGlobalSection
	GlobalSection(ProjectConfigurationPlatforms) = postSolution
		{82D2A80B-E0C4-4120-9A43-88C188E161F4}.Debug|Any CPU.ActiveCfg = Debug|Any CPU
		{82D2A80B-E0C4-4120-9A43-88C188E161F4}.Debug|Any CPU.Build.0 = Debug|Any CPU
		{82D2A80B-E0C4-4120-9A43-88C188E161F4}.Release|Any CPU.ActiveCfg = Release|Any CPU
		{82D2A80B-E0C4-4120-9A43-88C188E161F4}.Release|Any CPU.Build.0 = Release|Any CPU
		{88B56491-6B0E-4C1B-9B4C-7113E387C604}.Debug|Any CPU.ActiveCfg = Debug|Any CPU
		{88B56491-6B0E-4C1B-9B4C-7113E387C604}.Debug|Any CPU.Build.0 = Debug|Any CPU
		{88B56491-6B0E-4C1B-9B4C-7113E387C604}.Release|Any CPU.ActiveCfg = Release|Any CPU
		{88B56491-6B0E-4C1B-9B4C-7113E387C604}.Release|Any CPU.Build.0 = Release|Any CPU
		{2392E3C7-DBC8-42E7-A6C1-58B3E0A046EE}.Debug|Any CPU.ActiveCfg = Debug|Any CPU
		{2392E3C7-DBC8-42E7-A6C1-58B3E0A046EE}.Debug|Any CPU.Build.0 = Debug|Any CPU
		{2392E3C7-DBC8-42E7-A6C1-58B3E0A046EE}.Release|Any CPU.ActiveCfg = Release|Any CPU
		{2392E3C7-DBC8-42E7-A6C1-58B3E0A046EE}.Release|Any CPU.Build.0 = Release|Any CPU
	EndGlobalSection
	GlobalSection(SolutionProperties) = preSolution
		HideSolutionNode = FALSE
	EndGlobalSection
	GlobalSection(ExtensibilityGlobals) = postSolution
		SolutionGuid = {317C5D18-D1F9-42D8-B15D-46E396A13B0D}
	EndGlobalSection
EndGlobal
