
Microsoft Visual Studio Solution File, Format Version 12.00
# Visual Studio Version 17
VisualStudioVersion = 17.8.34330.188
MinimumVisualStudioVersion = 10.0.40219.1
Project("{8BC9CEB8-8B4A-11D0-8D11-00A0C91BC942}") = "Program", "Program.vcxproj", "{7BEB6051-BC69-4AA8-9BC2-CB98F7ABAFAB}"
EndProject
Project("{8BC9CEB8-8B4A-11D0-8D11-00A0C91BC942}") = "Class1th", "..\Class1th\Class1th.vcxproj", "{CCAEFBA3-94C5-46CA-B37D-70B44EA3D54A}"
EndProject
Project("{8BC9CEB8-8B4A-11D0-8D11-00A0C91BC942}") = "Class2th", "..\Class2th\Class2th.vcxproj", "{5CE7EBC3-A611-4BAD-B373-F03E2B2D3451}"
EndProject
Project("{8BC9CEB8-8B4A-11D0-8D11-00A0C91BC942}") = "Class3th", "..\Class3th\Class3th.vcxproj", "{2967CFD3-F9AC-441F-9F25-1B83887382B7}"
EndProject
Project("{8BC9CEB8-8B4A-11D0-8D11-00A0C91BC942}") = "Class4th", "..\Class4th\Class4th.vcxproj", "{A7AB8571-C8AF-43C7-A3CD-555B29448A05}"
EndProject
Project("{8BC9CEB8-8B4A-11D0-8D11-00A0C91BC942}") = "Class5th", "..\Class5th\Class5th.vcxproj", "{B28963C8-830C-4803-8020-2EBC32AA359F}"
EndProject
Project("{8BC9CEB8-8B4A-11D0-8D11-00A0C91BC942}") = "Class6th", "..\Class6th\Class6th.vcxproj", "{2FE01107-2FCC-40D1-9945-EB3810EEAA7C}"
EndProject
Project("{8BC9CEB8-8B4A-11D0-8D11-00A0C91BC942}") = "Class7th", "..\Class7th\Class7th.vcxproj", "{C064C1C7-BFB3-4F83-B0D8-4910431F3EFE}"
EndProject
Project("{8BC9CEB8-8B4A-11D0-8D11-00A0C91BC942}") = "Class8th", "..\Class8th\Class8th.vcxproj", "{7051BDD5-FCA0-4354-B8A0-5F1C984AA49F}"
EndProject
Project("{8BC9CEB8-8B4A-11D0-8D11-00A0C91BC942}") = "Class9th", "..\Class9th\Class9th.vcxproj", "{F7FE9267-D903-4042-8A3C-11E32882EDCB}"
EndProject
Project("{8BC9CEB8-8B4A-11D0-8D11-00A0C91BC942}") = "Class10th", "..\Class10th\Class10th.vcxproj", "{3E644DAD-8381-4FCB-AEC7-0A1523EB59A3}"
EndProject
Project("{8BC9CEB8-8B4A-11D0-8D11-00A0C91BC942}") = "Class11th", "..\Class11th\Class11th.vcxproj", "{A4790A0A-7A73-4D77-B907-EECA97FB74A8}"
EndProject
Project("{8BC9CEB8-8B4A-11D0-8D11-00A0C91BC942}") = "Class12th", "..\Class12th\Class12th.vcxproj", "{F91B5502-51D1-461E-A324-D3EF2242B999}"
EndProject
Project("{8BC9CEB8-8B4A-11D0-8D11-00A0C91BC942}") = "Class13th", "..\Class13th\Class13th.vcxproj", "{04FB39CB-A176-487F-9D51-45E9709E26B9}"
EndProject
Project("{8BC9CEB8-8B4A-11D0-8D11-00A0C91BC942}") = "Class14th", "..\Class14th\Class14th.vcxproj", "{711FE114-4D2B-4D6F-ADA2-AE43AB554A06}"
EndProject
Project("{8BC9CEB8-8B4A-11D0-8D11-00A0C91BC942}") = "Class15th", "..\Class15th\Class15th.vcxproj", "{1193BB24-F243-4F46-AF09-B527942C6B3A}"
EndProject
Project("{8BC9CEB8-8B4A-11D0-8D11-00A0C91BC942}") = "Class16th", "..\Class16th\Class16th.vcxproj", "{99291C05-A172-4B01-80B0-6C5BF95130F5}"
EndProject
Project("{8BC9CEB8-8B4A-11D0-8D11-00A0C91BC942}") = "Class17th", "..\Class17th\Class17th.vcxproj", "{1AE0700F-C60F-49F6-B1ED-DA19E323941C}"
EndProject
Project("{8BC9CEB8-8B4A-11D0-8D11-00A0C91BC942}") = "Class18th", "..\Class18th\Class18th.vcxproj", "{B50EA8B8-179E-406D-9C6F-37017C4EFC8F}"
EndProject
Global
	GlobalSection(SolutionConfigurationPlatforms) = preSolution
		Debug|x64 = Debug|x64
		Debug|x86 = Debug|x86
		Release|x64 = Release|x64
		Release|x86 = Release|x86
	EndGlobalSection
	GlobalSection(ProjectConfigurationPlatforms) = postSolution
		{7BEB6051-BC69-4AA8-9BC2-CB98F7ABAFAB}.Debug|x64.ActiveCfg = Debug|x64
		{7BEB6051-BC69-4AA8-9BC2-CB98F7ABAFAB}.Debug|x64.Build.0 = Debug|x64
		{7BEB6051-BC69-4AA8-9BC2-CB98F7ABAFAB}.Debug|x86.ActiveCfg = Debug|Win32
		{7BEB6051-BC69-4AA8-9BC2-CB98F7ABAFAB}.Debug|x86.Build.0 = Debug|Win32
		{7BEB6051-BC69-4AA8-9BC2-CB98F7ABAFAB}.Release|x64.ActiveCfg = Release|x64
		{7BEB6051-BC69-4AA8-9BC2-CB98F7ABAFAB}.Release|x64.Build.0 = Release|x64
		{7BEB6051-BC69-4AA8-9BC2-CB98F7ABAFAB}.Release|x86.ActiveCfg = Release|Win32
		{7BEB6051-BC69-4AA8-9BC2-CB98F7ABAFAB}.Release|x86.Build.0 = Release|Win32
		{CCAEFBA3-94C5-46CA-B37D-70B44EA3D54A}.Debug|x64.ActiveCfg = Debug|x64
		{CCAEFBA3-94C5-46CA-B37D-70B44EA3D54A}.Debug|x64.Build.0 = Debug|x64
		{CCAEFBA3-94C5-46CA-B37D-70B44EA3D54A}.Debug|x86.ActiveCfg = Debug|Win32
		{CCAEFBA3-94C5-46CA-B37D-70B44EA3D54A}.Debug|x86.Build.0 = Debug|Win32
		{CCAEFBA3-94C5-46CA-B37D-70B44EA3D54A}.Release|x64.ActiveCfg = Release|x64
		{CCAEFBA3-94C5-46CA-B37D-70B44EA3D54A}.Release|x64.Build.0 = Release|x64
		{CCAEFBA3-94C5-46CA-B37D-70B44EA3D54A}.Release|x86.ActiveCfg = Release|Win32
		{CCAEFBA3-94C5-46CA-B37D-70B44EA3D54A}.Release|x86.Build.0 = Release|Win32
		{5CE7EBC3-A611-4BAD-B373-F03E2B2D3451}.Debug|x64.ActiveCfg = Debug|x64
		{5CE7EBC3-A611-4BAD-B373-F03E2B2D3451}.Debug|x64.Build.0 = Debug|x64
		{5CE7EBC3-A611-4BAD-B373-F03E2B2D3451}.Debug|x86.ActiveCfg = Debug|Win32
		{5CE7EBC3-A611-4BAD-B373-F03E2B2D3451}.Debug|x86.Build.0 = Debug|Win32
		{5CE7EBC3-A611-4BAD-B373-F03E2B2D3451}.Release|x64.ActiveCfg = Release|x64
		{5CE7EBC3-A611-4BAD-B373-F03E2B2D3451}.Release|x64.Build.0 = Release|x64
		{5CE7EBC3-A611-4BAD-B373-F03E2B2D3451}.Release|x86.ActiveCfg = Release|Win32
		{5CE7EBC3-A611-4BAD-B373-F03E2B2D3451}.Release|x86.Build.0 = Release|Win32
		{2967CFD3-F9AC-441F-9F25-1B83887382B7}.Debug|x64.ActiveCfg = Debug|x64
		{2967CFD3-F9AC-441F-9F25-1B83887382B7}.Debug|x64.Build.0 = Debug|x64
		{2967CFD3-F9AC-441F-9F25-1B83887382B7}.Debug|x86.ActiveCfg = Debug|Win32
		{2967CFD3-F9AC-441F-9F25-1B83887382B7}.Debug|x86.Build.0 = Debug|Win32
		{2967CFD3-F9AC-441F-9F25-1B83887382B7}.Release|x64.ActiveCfg = Release|x64
		{2967CFD3-F9AC-441F-9F25-1B83887382B7}.Release|x64.Build.0 = Release|x64
		{2967CFD3-F9AC-441F-9F25-1B83887382B7}.Release|x86.ActiveCfg = Release|Win32
		{2967CFD3-F9AC-441F-9F25-1B83887382B7}.Release|x86.Build.0 = Release|Win32
		{A7AB8571-C8AF-43C7-A3CD-555B29448A05}.Debug|x64.ActiveCfg = Debug|x64
		{A7AB8571-C8AF-43C7-A3CD-555B29448A05}.Debug|x64.Build.0 = Debug|x64
		{A7AB8571-C8AF-43C7-A3CD-555B29448A05}.Debug|x86.ActiveCfg = Debug|Win32
		{A7AB8571-C8AF-43C7-A3CD-555B29448A05}.Debug|x86.Build.0 = Debug|Win32
		{A7AB8571-C8AF-43C7-A3CD-555B29448A05}.Release|x64.ActiveCfg = Release|x64
		{A7AB8571-C8AF-43C7-A3CD-555B29448A05}.Release|x64.Build.0 = Release|x64
		{A7AB8571-C8AF-43C7-A3CD-555B29448A05}.Release|x86.ActiveCfg = Release|Win32
		{A7AB8571-C8AF-43C7-A3CD-555B29448A05}.Release|x86.Build.0 = Release|Win32
		{B28963C8-830C-4803-8020-2EBC32AA359F}.Debug|x64.ActiveCfg = Debug|x64
		{B28963C8-830C-4803-8020-2EBC32AA359F}.Debug|x64.Build.0 = Debug|x64
		{B28963C8-830C-4803-8020-2EBC32AA359F}.Debug|x86.ActiveCfg = Debug|Win32
		{B28963C8-830C-4803-8020-2EBC32AA359F}.Debug|x86.Build.0 = Debug|Win32
		{B28963C8-830C-4803-8020-2EBC32AA359F}.Release|x64.ActiveCfg = Release|x64
		{B28963C8-830C-4803-8020-2EBC32AA359F}.Release|x64.Build.0 = Release|x64
		{B28963C8-830C-4803-8020-2EBC32AA359F}.Release|x86.ActiveCfg = Release|Win32
		{B28963C8-830C-4803-8020-2EBC32AA359F}.Release|x86.Build.0 = Release|Win32
		{2FE01107-2FCC-40D1-9945-EB3810EEAA7C}.Debug|x64.ActiveCfg = Debug|x64
		{2FE01107-2FCC-40D1-9945-EB3810EEAA7C}.Debug|x64.Build.0 = Debug|x64
		{2FE01107-2FCC-40D1-9945-EB3810EEAA7C}.Debug|x86.ActiveCfg = Debug|Win32
		{2FE01107-2FCC-40D1-9945-EB3810EEAA7C}.Debug|x86.Build.0 = Debug|Win32
		{2FE01107-2FCC-40D1-9945-EB3810EEAA7C}.Release|x64.ActiveCfg = Release|x64
		{2FE01107-2FCC-40D1-9945-EB3810EEAA7C}.Release|x64.Build.0 = Release|x64
		{2FE01107-2FCC-40D1-9945-EB3810EEAA7C}.Release|x86.ActiveCfg = Release|Win32
		{2FE01107-2FCC-40D1-9945-EB3810EEAA7C}.Release|x86.Build.0 = Release|Win32
		{C064C1C7-BFB3-4F83-B0D8-4910431F3EFE}.Debug|x64.ActiveCfg = Debug|x64
		{C064C1C7-BFB3-4F83-B0D8-4910431F3EFE}.Debug|x64.Build.0 = Debug|x64
		{C064C1C7-BFB3-4F83-B0D8-4910431F3EFE}.Debug|x86.ActiveCfg = Debug|Win32
		{C064C1C7-BFB3-4F83-B0D8-4910431F3EFE}.Debug|x86.Build.0 = Debug|Win32
		{C064C1C7-BFB3-4F83-B0D8-4910431F3EFE}.Release|x64.ActiveCfg = Release|x64
		{C064C1C7-BFB3-4F83-B0D8-4910431F3EFE}.Release|x64.Build.0 = Release|x64
		{C064C1C7-BFB3-4F83-B0D8-4910431F3EFE}.Release|x86.ActiveCfg = Release|Win32
		{C064C1C7-BFB3-4F83-B0D8-4910431F3EFE}.Release|x86.Build.0 = Release|Win32
		{7051BDD5-FCA0-4354-B8A0-5F1C984AA49F}.Debug|x64.ActiveCfg = Debug|x64
		{7051BDD5-FCA0-4354-B8A0-5F1C984AA49F}.Debug|x64.Build.0 = Debug|x64
		{7051BDD5-FCA0-4354-B8A0-5F1C984AA49F}.Debug|x86.ActiveCfg = Debug|Win32
		{7051BDD5-FCA0-4354-B8A0-5F1C984AA49F}.Debug|x86.Build.0 = Debug|Win32
		{7051BDD5-FCA0-4354-B8A0-5F1C984AA49F}.Release|x64.ActiveCfg = Release|x64
		{7051BDD5-FCA0-4354-B8A0-5F1C984AA49F}.Release|x64.Build.0 = Release|x64
		{7051BDD5-FCA0-4354-B8A0-5F1C984AA49F}.Release|x86.ActiveCfg = Release|Win32
		{7051BDD5-FCA0-4354-B8A0-5F1C984AA49F}.Release|x86.Build.0 = Release|Win32
		{F7FE9267-D903-4042-8A3C-11E32882EDCB}.Debug|x64.ActiveCfg = Debug|x64
		{F7FE9267-D903-4042-8A3C-11E32882EDCB}.Debug|x64.Build.0 = Debug|x64
		{F7FE9267-D903-4042-8A3C-11E32882EDCB}.Debug|x86.ActiveCfg = Debug|Win32
		{F7FE9267-D903-4042-8A3C-11E32882EDCB}.Debug|x86.Build.0 = Debug|Win32
		{F7FE9267-D903-4042-8A3C-11E32882EDCB}.Release|x64.ActiveCfg = Release|x64
		{F7FE9267-D903-4042-8A3C-11E32882EDCB}.Release|x64.Build.0 = Release|x64
		{F7FE9267-D903-4042-8A3C-11E32882EDCB}.Release|x86.ActiveCfg = Release|Win32
		{F7FE9267-D903-4042-8A3C-11E32882EDCB}.Release|x86.Build.0 = Release|Win32
		{3E644DAD-8381-4FCB-AEC7-0A1523EB59A3}.Debug|x64.ActiveCfg = Debug|x64
		{3E644DAD-8381-4FCB-AEC7-0A1523EB59A3}.Debug|x64.Build.0 = Debug|x64
		{3E644DAD-8381-4FCB-AEC7-0A1523EB59A3}.Debug|x86.ActiveCfg = Debug|Win32
		{3E644DAD-8381-4FCB-AEC7-0A1523EB59A3}.Debug|x86.Build.0 = Debug|Win32
		{3E644DAD-8381-4FCB-AEC7-0A1523EB59A3}.Release|x64.ActiveCfg = Release|x64
		{3E644DAD-8381-4FCB-AEC7-0A1523EB59A3}.Release|x64.Build.0 = Release|x64
		{3E644DAD-8381-4FCB-AEC7-0A1523EB59A3}.Release|x86.ActiveCfg = Release|Win32
		{3E644DAD-8381-4FCB-AEC7-0A1523EB59A3}.Release|x86.Build.0 = Release|Win32
		{A4790A0A-7A73-4D77-B907-EECA97FB74A8}.Debug|x64.ActiveCfg = Debug|x64
		{A4790A0A-7A73-4D77-B907-EECA97FB74A8}.Debug|x64.Build.0 = Debug|x64
		{A4790A0A-7A73-4D77-B907-EECA97FB74A8}.Debug|x86.ActiveCfg = Debug|Win32
		{A4790A0A-7A73-4D77-B907-EECA97FB74A8}.Debug|x86.Build.0 = Debug|Win32
		{A4790A0A-7A73-4D77-B907-EECA97FB74A8}.Release|x64.ActiveCfg = Release|x64
		{A4790A0A-7A73-4D77-B907-EECA97FB74A8}.Release|x64.Build.0 = Release|x64
		{A4790A0A-7A73-4D77-B907-EECA97FB74A8}.Release|x86.ActiveCfg = Release|Win32
		{A4790A0A-7A73-4D77-B907-EECA97FB74A8}.Release|x86.Build.0 = Release|Win32
		{F91B5502-51D1-461E-A324-D3EF2242B999}.Debug|x64.ActiveCfg = Debug|x64
		{F91B5502-51D1-461E-A324-D3EF2242B999}.Debug|x64.Build.0 = Debug|x64
		{F91B5502-51D1-461E-A324-D3EF2242B999}.Debug|x86.ActiveCfg = Debug|Win32
		{F91B5502-51D1-461E-A324-D3EF2242B999}.Debug|x86.Build.0 = Debug|Win32
		{F91B5502-51D1-461E-A324-D3EF2242B999}.Release|x64.ActiveCfg = Release|x64
		{F91B5502-51D1-461E-A324-D3EF2242B999}.Release|x64.Build.0 = Release|x64
		{F91B5502-51D1-461E-A324-D3EF2242B999}.Release|x86.ActiveCfg = Release|Win32
		{F91B5502-51D1-461E-A324-D3EF2242B999}.Release|x86.Build.0 = Release|Win32
		{04FB39CB-A176-487F-9D51-45E9709E26B9}.Debug|x64.ActiveCfg = Debug|x64
		{04FB39CB-A176-487F-9D51-45E9709E26B9}.Debug|x64.Build.0 = Debug|x64
		{04FB39CB-A176-487F-9D51-45E9709E26B9}.Debug|x86.ActiveCfg = Debug|Win32
		{04FB39CB-A176-487F-9D51-45E9709E26B9}.Debug|x86.Build.0 = Debug|Win32
		{04FB39CB-A176-487F-9D51-45E9709E26B9}.Release|x64.ActiveCfg = Release|x64
		{04FB39CB-A176-487F-9D51-45E9709E26B9}.Release|x64.Build.0 = Release|x64
		{04FB39CB-A176-487F-9D51-45E9709E26B9}.Release|x86.ActiveCfg = Release|Win32
		{04FB39CB-A176-487F-9D51-45E9709E26B9}.Release|x86.Build.0 = Release|Win32
		{711FE114-4D2B-4D6F-ADA2-AE43AB554A06}.Debug|x64.ActiveCfg = Debug|x64
		{711FE114-4D2B-4D6F-ADA2-AE43AB554A06}.Debug|x64.Build.0 = Debug|x64
		{711FE114-4D2B-4D6F-ADA2-AE43AB554A06}.Debug|x86.ActiveCfg = Debug|Win32
		{711FE114-4D2B-4D6F-ADA2-AE43AB554A06}.Debug|x86.Build.0 = Debug|Win32
		{711FE114-4D2B-4D6F-ADA2-AE43AB554A06}.Release|x64.ActiveCfg = Release|x64
		{711FE114-4D2B-4D6F-ADA2-AE43AB554A06}.Release|x64.Build.0 = Release|x64
		{711FE114-4D2B-4D6F-ADA2-AE43AB554A06}.Release|x86.ActiveCfg = Release|Win32
		{711FE114-4D2B-4D6F-ADA2-AE43AB554A06}.Release|x86.Build.0 = Release|Win32
		{1193BB24-F243-4F46-AF09-B527942C6B3A}.Debug|x64.ActiveCfg = Debug|x64
		{1193BB24-F243-4F46-AF09-B527942C6B3A}.Debug|x64.Build.0 = Debug|x64
		{1193BB24-F243-4F46-AF09-B527942C6B3A}.Debug|x86.ActiveCfg = Debug|Win32
		{1193BB24-F243-4F46-AF09-B527942C6B3A}.Debug|x86.Build.0 = Debug|Win32
		{1193BB24-F243-4F46-AF09-B527942C6B3A}.Release|x64.ActiveCfg = Release|x64
		{1193BB24-F243-4F46-AF09-B527942C6B3A}.Release|x64.Build.0 = Release|x64
		{1193BB24-F243-4F46-AF09-B527942C6B3A}.Release|x86.ActiveCfg = Release|Win32
		{1193BB24-F243-4F46-AF09-B527942C6B3A}.Release|x86.Build.0 = Release|Win32
		{99291C05-A172-4B01-80B0-6C5BF95130F5}.Debug|x64.ActiveCfg = Debug|x64
		{99291C05-A172-4B01-80B0-6C5BF95130F5}.Debug|x64.Build.0 = Debug|x64
		{99291C05-A172-4B01-80B0-6C5BF95130F5}.Debug|x86.ActiveCfg = Debug|Win32
		{99291C05-A172-4B01-80B0-6C5BF95130F5}.Debug|x86.Build.0 = Debug|Win32
		{99291C05-A172-4B01-80B0-6C5BF95130F5}.Release|x64.ActiveCfg = Release|x64
		{99291C05-A172-4B01-80B0-6C5BF95130F5}.Release|x64.Build.0 = Release|x64
		{99291C05-A172-4B01-80B0-6C5BF95130F5}.Release|x86.ActiveCfg = Release|Win32
		{99291C05-A172-4B01-80B0-6C5BF95130F5}.Release|x86.Build.0 = Release|Win32
		{1AE0700F-C60F-49F6-B1ED-DA19E323941C}.Debug|x64.ActiveCfg = Debug|x64
		{1AE0700F-C60F-49F6-B1ED-DA19E323941C}.Debug|x64.Build.0 = Debug|x64
		{1AE0700F-C60F-49F6-B1ED-DA19E323941C}.Debug|x86.ActiveCfg = Debug|Win32
		{1AE0700F-C60F-49F6-B1ED-DA19E323941C}.Debug|x86.Build.0 = Debug|Win32
		{1AE0700F-C60F-49F6-B1ED-DA19E323941C}.Release|x64.ActiveCfg = Release|x64
		{1AE0700F-C60F-49F6-B1ED-DA19E323941C}.Release|x64.Build.0 = Release|x64
		{1AE0700F-C60F-49F6-B1ED-DA19E323941C}.Release|x86.ActiveCfg = Release|Win32
		{1AE0700F-C60F-49F6-B1ED-DA19E323941C}.Release|x86.Build.0 = Release|Win32
		{B50EA8B8-179E-406D-9C6F-37017C4EFC8F}.Debug|x64.ActiveCfg = Debug|x64
		{B50EA8B8-179E-406D-9C6F-37017C4EFC8F}.Debug|x64.Build.0 = Debug|x64
		{B50EA8B8-179E-406D-9C6F-37017C4EFC8F}.Debug|x86.ActiveCfg = Debug|Win32
		{B50EA8B8-179E-406D-9C6F-37017C4EFC8F}.Debug|x86.Build.0 = Debug|Win32
		{B50EA8B8-179E-406D-9C6F-37017C4EFC8F}.Release|x64.ActiveCfg = Release|x64
		{B50EA8B8-179E-406D-9C6F-37017C4EFC8F}.Release|x64.Build.0 = Release|x64
		{B50EA8B8-179E-406D-9C6F-37017C4EFC8F}.Release|x86.ActiveCfg = Release|Win32
		{B50EA8B8-179E-406D-9C6F-37017C4EFC8F}.Release|x86.Build.0 = Release|Win32
	EndGlobalSection
	GlobalSection(SolutionProperties) = preSolution
		HideSolutionNode = FALSE
	EndGlobalSection
	GlobalSection(ExtensibilityGlobals) = postSolution
		SolutionGuid = {05B3EE84-12FB-40F1-B86D-5CC9BEFAD3EF}
	EndGlobalSection
EndGlobal
